<?xml version="1.0" encoding="UTF-8"?>
<!DOCTYPE plist PUBLIC "-//Apple//DTD PLIST 1.0//EN" "http://www.apple.com/DTDs/PropertyList-1.0.dtd">
<plist version="1.0">
<dict>
	<key>archiveVersion</key>
	<string>1</string>
	<key>classes</key>
	<dict/>
	<key>objectVersion</key>
	<string>46</string>
	<key>objects</key>
	<dict>
		<key>07553CCA1D1AB00F00C5750E</key>
		<dict>
			<key>children</key>
			<array>
				<string>07553CD61D1AB00F00C5750E</string>
				<string>07553CE21D1AB00F00C5750E</string>
				<string>07553CD51D1AB00F00C5750E</string>
				<string>8B0FDB78114DA757DB687C30</string>
				<string>B738FBB5C9A23A32E5D09A65</string>
			</array>
			<key>isa</key>
			<string>PBXGroup</string>
			<key>sourceTree</key>
			<string>&lt;group&gt;</string>
		</dict>
		<key>07553CCB1D1AB00F00C5750E</key>
		<dict>
			<key>attributes</key>
			<dict>
				<key>LastSwiftUpdateCheck</key>
				<string>0730</string>
				<key>LastUpgradeCheck</key>
				<string>0730</string>
				<key>ORGANIZATIONNAME</key>
				<string>Omar</string>
				<key>TargetAttributes</key>
				<dict>
					<key>07553CD31D1AB00F00C5750E</key>
					<dict>
						<key>CreatedOnToolsVersion</key>
						<string>7.3.1</string>
					</dict>
					<key>07553CDD1D1AB00F00C5750E</key>
					<dict>
						<key>CreatedOnToolsVersion</key>
						<string>7.3.1</string>
					</dict>
				</dict>
			</dict>
			<key>buildConfigurationList</key>
			<string>07553CCE1D1AB00F00C5750E</string>
			<key>compatibilityVersion</key>
			<string>Xcode 3.2</string>
			<key>developmentRegion</key>
			<string>English</string>
			<key>hasScannedForEncodings</key>
			<string>0</string>
			<key>isa</key>
			<string>PBXProject</string>
			<key>knownRegions</key>
			<array>
				<string>en</string>
			</array>
			<key>mainGroup</key>
			<string>07553CCA1D1AB00F00C5750E</string>
			<key>productRefGroup</key>
			<string>07553CD51D1AB00F00C5750E</string>
			<key>projectDirPath</key>
			<string></string>
			<key>projectReferences</key>
			<array/>
			<key>projectRoot</key>
			<string></string>
			<key>targets</key>
			<array>
				<string>07553CD31D1AB00F00C5750E</string>
				<string>07553CDD1D1AB00F00C5750E</string>
			</array>
		</dict>
		<key>07553CCE1D1AB00F00C5750E</key>
		<dict>
			<key>buildConfigurations</key>
			<array>
				<string>07553CE61D1AB00F00C5750E</string>
				<string>07553CE71D1AB00F00C5750E</string>
			</array>
			<key>defaultConfigurationIsVisible</key>
			<string>0</string>
			<key>defaultConfigurationName</key>
			<string>Release</string>
			<key>isa</key>
			<string>XCConfigurationList</string>
		</dict>
		<key>07553CCF1D1AB00F00C5750E</key>
		<dict>
			<key>buildActionMask</key>
			<string>2147483647</string>
			<key>files</key>
			<array>
				<string>07553D291D1AB08500C5750E</string>
				<string>07553D0F1D1AB06F00C5750E</string>
				<string>07553D101D1AB06F00C5750E</string>
				<string>07553D001D1AB05600C5750E</string>
				<string>07553CF11D1AB04300C5750E</string>
				<string>07553CFF1D1AB05600C5750E</string>
				<string>07553D261D1AB08500C5750E</string>
				<string>07553D111D1AB06F00C5750E</string>
				<string>07553D221D1AB08500C5750E</string>
				<string>07553D241D1AB08500C5750E</string>
				<string>07553D161D1AB06F00C5750E</string>
				<string>07553D281D1AB08500C5750E</string>
				<string>07553D141D1AB06F00C5750E</string>
				<string>07553D271D1AB08500C5750E</string>
				<string>07553D251D1AB08500C5750E</string>
				<string>07553D0E1D1AB06F00C5750E</string>
				<string>07553CFB1D1AB05600C5750E</string>
				<string>07553CFC1D1AB05600C5750E</string>
				<string>07553D011D1AB05600C5750E</string>
				<string>07553D121D1AB06F00C5750E</string>
				<string>07553D231D1AB08500C5750E</string>
				<string>07553D181D1AB06F00C5750E</string>
				<string>07553CFD1D1AB05600C5750E</string>
				<string>07553D131D1AB06F00C5750E</string>
				<string>07553CFE1D1AB05600C5750E</string>
			</array>
			<key>isa</key>
			<string>PBXSourcesBuildPhase</string>
			<key>runOnlyForDeploymentPostprocessing</key>
			<string>0</string>
		</dict>
		<key>07553CD01D1AB00F00C5750E</key>
		<dict>
			<key>buildActionMask</key>
			<string>2147483647</string>
			<key>files</key>
			<array>
				<string>69242E08E7D61E72FA1FF07B</string>
			</array>
			<key>isa</key>
			<string>PBXFrameworksBuildPhase</string>
			<key>runOnlyForDeploymentPostprocessing</key>
			<string>0</string>
		</dict>
		<key>07553CD11D1AB00F00C5750E</key>
		<dict>
			<key>buildActionMask</key>
			<string>2147483647</string>
			<key>files</key>
			<array>
				<string>07553CD81D1AB00F00C5750E</string>
			</array>
			<key>isa</key>
			<string>PBXHeadersBuildPhase</string>
			<key>runOnlyForDeploymentPostprocessing</key>
			<string>0</string>
		</dict>
		<key>07553CD21D1AB00F00C5750E</key>
		<dict>
			<key>buildActionMask</key>
			<string>2147483647</string>
			<key>files</key>
			<array>
				<string>07553D151D1AB06F00C5750E</string>
				<string>07553D171D1AB06F00C5750E</string>
				<string>07553D2C1D1AB0DE00C5750E</string>
				<string>07553CF21D1AB04300C5750E</string>
			</array>
			<key>isa</key>
			<string>PBXResourcesBuildPhase</string>
			<key>runOnlyForDeploymentPostprocessing</key>
			<string>0</string>
		</dict>
		<key>07553CD31D1AB00F00C5750E</key>
		<dict>
			<key>buildConfigurationList</key>
			<string>07553CE81D1AB00F00C5750E</string>
			<key>buildPhases</key>
			<array>
				<string>76F7F0983AD58A9759AF0861</string>
				<string>07553CCF1D1AB00F00C5750E</string>
				<string>07553CD01D1AB00F00C5750E</string>
				<string>07553CD11D1AB00F00C5750E</string>
				<string>07553CD21D1AB00F00C5750E</string>
				<string>7E0D124CE54DC5711761FD28</string>
			</array>
			<key>buildRules</key>
			<array/>
			<key>dependencies</key>
			<array/>
			<key>isa</key>
			<string>PBXNativeTarget</string>
			<key>name</key>
			<string>ContactManger</string>
			<key>productName</key>
			<string>ContactManger</string>
			<key>productReference</key>
			<string>07553CD41D1AB00F00C5750E</string>
			<key>productType</key>
			<string>com.apple.product-type.framework</string>
		</dict>
		<key>07553CD41D1AB00F00C5750E</key>
		<dict>
			<key>explicitFileType</key>
			<string>wrapper.framework</string>
			<key>includeInIndex</key>
			<string>0</string>
			<key>isa</key>
			<string>PBXFileReference</string>
			<key>path</key>
			<string>ContactManger.framework</string>
			<key>sourceTree</key>
			<string>BUILT_PRODUCTS_DIR</string>
		</dict>
		<key>07553CD51D1AB00F00C5750E</key>
		<dict>
			<key>children</key>
			<array>
				<string>07553CD41D1AB00F00C5750E</string>
				<string>07553CDE1D1AB00F00C5750E</string>
			</array>
			<key>isa</key>
			<string>PBXGroup</string>
			<key>name</key>
			<string>Products</string>
			<key>sourceTree</key>
			<string>&lt;group&gt;</string>
		</dict>
		<key>07553CD61D1AB00F00C5750E</key>
		<dict>
			<key>children</key>
			<array>
				<string>07553D2A1D1AB0C700C5750E</string>
				<string>07553D191D1AB07900C5750E</string>
				<string>07553D021D1AB06100C5750E</string>
				<string>07553CF31D1AB04C00C5750E</string>
				<string>07553CEE1D1AB02A00C5750E</string>
				<string>07553CD71D1AB00F00C5750E</string>
				<string>07553CD91D1AB00F00C5750E</string>
			</array>
			<key>isa</key>
			<string>PBXGroup</string>
			<key>path</key>
			<string>ContactManger</string>
			<key>sourceTree</key>
			<string>&lt;group&gt;</string>
		</dict>
		<key>07553CD71D1AB00F00C5750E</key>
		<dict>
			<key>isa</key>
			<string>PBXFileReference</string>
			<key>lastKnownFileType</key>
			<string>sourcecode.c.h</string>
			<key>path</key>
			<string>ContactManger.h</string>
			<key>sourceTree</key>
			<string>&lt;group&gt;</string>
		</dict>
		<key>07553CD81D1AB00F00C5750E</key>
		<dict>
			<key>fileRef</key>
			<string>07553CD71D1AB00F00C5750E</string>
			<key>isa</key>
			<string>PBXBuildFile</string>
			<key>settings</key>
			<dict>
				<key>ATTRIBUTES</key>
				<array>
					<string>Public</string>
				</array>
			</dict>
		</dict>
		<key>07553CD91D1AB00F00C5750E</key>
		<dict>
			<key>isa</key>
			<string>PBXFileReference</string>
			<key>lastKnownFileType</key>
			<string>text.plist.xml</string>
			<key>path</key>
			<string>Info.plist</string>
			<key>sourceTree</key>
			<string>&lt;group&gt;</string>
		</dict>
		<key>07553CDA1D1AB00F00C5750E</key>
		<dict>
			<key>buildActionMask</key>
			<string>2147483647</string>
			<key>files</key>
			<array>
				<string>07553CE41D1AB00F00C5750E</string>
			</array>
			<key>isa</key>
			<string>PBXSourcesBuildPhase</string>
			<key>runOnlyForDeploymentPostprocessing</key>
			<string>0</string>
		</dict>
		<key>07553CDB1D1AB00F00C5750E</key>
		<dict>
			<key>buildActionMask</key>
			<string>2147483647</string>
			<key>files</key>
			<array>
				<string>07553CDF1D1AB00F00C5750E</string>
			</array>
			<key>isa</key>
			<string>PBXFrameworksBuildPhase</string>
			<key>runOnlyForDeploymentPostprocessing</key>
			<string>0</string>
		</dict>
		<key>07553CDC1D1AB00F00C5750E</key>
		<dict>
			<key>buildActionMask</key>
			<string>2147483647</string>
			<key>files</key>
			<array/>
			<key>isa</key>
			<string>PBXResourcesBuildPhase</string>
			<key>runOnlyForDeploymentPostprocessing</key>
			<string>0</string>
		</dict>
		<key>07553CDD1D1AB00F00C5750E</key>
		<dict>
			<key>buildConfigurationList</key>
			<string>07553CEB1D1AB00F00C5750E</string>
			<key>buildPhases</key>
			<array>
				<string>07553CDA1D1AB00F00C5750E</string>
				<string>07553CDB1D1AB00F00C5750E</string>
				<string>07553CDC1D1AB00F00C5750E</string>
			</array>
			<key>buildRules</key>
			<array/>
			<key>dependencies</key>
			<array>
				<string>07553CE11D1AB00F00C5750E</string>
			</array>
			<key>isa</key>
			<string>PBXNativeTarget</string>
			<key>name</key>
			<string>ContactMangerTests</string>
			<key>productName</key>
			<string>ContactMangerTests</string>
			<key>productReference</key>
			<string>07553CDE1D1AB00F00C5750E</string>
			<key>productType</key>
			<string>com.apple.product-type.bundle.unit-test</string>
		</dict>
		<key>07553CDE1D1AB00F00C5750E</key>
		<dict>
			<key>explicitFileType</key>
			<string>wrapper.cfbundle</string>
			<key>includeInIndex</key>
			<string>0</string>
			<key>isa</key>
			<string>PBXFileReference</string>
			<key>path</key>
			<string>ContactMangerTests.xctest</string>
			<key>sourceTree</key>
			<string>BUILT_PRODUCTS_DIR</string>
		</dict>
		<key>07553CDF1D1AB00F00C5750E</key>
		<dict>
			<key>fileRef</key>
			<string>07553CD41D1AB00F00C5750E</string>
			<key>isa</key>
			<string>PBXBuildFile</string>
		</dict>
		<key>07553CE01D1AB00F00C5750E</key>
		<dict>
			<key>containerPortal</key>
			<string>07553CCB1D1AB00F00C5750E</string>
			<key>isa</key>
			<string>PBXContainerItemProxy</string>
			<key>proxyType</key>
			<string>1</string>
			<key>remoteGlobalIDString</key>
			<string>07553CD31D1AB00F00C5750E</string>
			<key>remoteInfo</key>
			<string>ContactManger</string>
		</dict>
		<key>07553CE11D1AB00F00C5750E</key>
		<dict>
			<key>isa</key>
			<string>PBXTargetDependency</string>
			<key>target</key>
			<string>07553CD31D1AB00F00C5750E</string>
			<key>targetProxy</key>
			<string>07553CE01D1AB00F00C5750E</string>
		</dict>
		<key>07553CE21D1AB00F00C5750E</key>
		<dict>
			<key>children</key>
			<array>
				<string>07553CE31D1AB00F00C5750E</string>
				<string>07553CE51D1AB00F00C5750E</string>
			</array>
			<key>isa</key>
			<string>PBXGroup</string>
			<key>path</key>
			<string>ContactMangerTests</string>
			<key>sourceTree</key>
			<string>&lt;group&gt;</string>
		</dict>
		<key>07553CE31D1AB00F00C5750E</key>
		<dict>
			<key>isa</key>
			<string>PBXFileReference</string>
			<key>lastKnownFileType</key>
			<string>sourcecode.swift</string>
			<key>path</key>
			<string>ContactMangerTests.swift</string>
			<key>sourceTree</key>
			<string>&lt;group&gt;</string>
		</dict>
		<key>07553CE41D1AB00F00C5750E</key>
		<dict>
			<key>fileRef</key>
			<string>07553CE31D1AB00F00C5750E</string>
			<key>isa</key>
			<string>PBXBuildFile</string>
		</dict>
		<key>07553CE51D1AB00F00C5750E</key>
		<dict>
			<key>isa</key>
			<string>PBXFileReference</string>
			<key>lastKnownFileType</key>
			<string>text.plist.xml</string>
			<key>path</key>
			<string>Info.plist</string>
			<key>sourceTree</key>
			<string>&lt;group&gt;</string>
		</dict>
		<key>07553CE61D1AB00F00C5750E</key>
		<dict>
			<key>buildSettings</key>
			<dict>
				<key>ALWAYS_SEARCH_USER_PATHS</key>
				<string>NO</string>
				<key>CLANG_ANALYZER_NONNULL</key>
				<string>YES</string>
				<key>CLANG_CXX_LANGUAGE_STANDARD</key>
				<string>gnu++0x</string>
				<key>CLANG_CXX_LIBRARY</key>
				<string>libc++</string>
				<key>CLANG_ENABLE_MODULES</key>
				<string>YES</string>
				<key>CLANG_ENABLE_OBJC_ARC</key>
				<string>YES</string>
				<key>CLANG_WARN_BOOL_CONVERSION</key>
				<string>YES</string>
				<key>CLANG_WARN_CONSTANT_CONVERSION</key>
				<string>YES</string>
				<key>CLANG_WARN_DIRECT_OBJC_ISA_USAGE</key>
				<string>YES_ERROR</string>
				<key>CLANG_WARN_EMPTY_BODY</key>
				<string>YES</string>
				<key>CLANG_WARN_ENUM_CONVERSION</key>
				<string>YES</string>
				<key>CLANG_WARN_INT_CONVERSION</key>
				<string>YES</string>
				<key>CLANG_WARN_OBJC_ROOT_CLASS</key>
				<string>YES_ERROR</string>
				<key>CLANG_WARN_UNREACHABLE_CODE</key>
				<string>YES</string>
				<key>CLANG_WARN__DUPLICATE_METHOD_MATCH</key>
				<string>YES</string>
				<key>CODE_SIGN_IDENTITY[sdk=iphoneos*]</key>
				<string>iPhone Developer</string>
				<key>COPY_PHASE_STRIP</key>
				<string>NO</string>
				<key>CURRENT_PROJECT_VERSION</key>
				<string>1</string>
				<key>DEBUG_INFORMATION_FORMAT</key>
				<string>dwarf</string>
				<key>ENABLE_STRICT_OBJC_MSGSEND</key>
				<string>YES</string>
				<key>ENABLE_TESTABILITY</key>
				<string>YES</string>
				<key>GCC_C_LANGUAGE_STANDARD</key>
				<string>gnu99</string>
				<key>GCC_DYNAMIC_NO_PIC</key>
				<string>NO</string>
				<key>GCC_NO_COMMON_BLOCKS</key>
				<string>YES</string>
				<key>GCC_OPTIMIZATION_LEVEL</key>
				<string>0</string>
				<key>GCC_PREPROCESSOR_DEFINITIONS</key>
				<array>
					<string>DEBUG=1</string>
					<string>$(inherited)</string>
				</array>
				<key>GCC_WARN_64_TO_32_BIT_CONVERSION</key>
				<string>YES</string>
				<key>GCC_WARN_ABOUT_RETURN_TYPE</key>
				<string>YES_ERROR</string>
				<key>GCC_WARN_UNDECLARED_SELECTOR</key>
				<string>YES</string>
				<key>GCC_WARN_UNINITIALIZED_AUTOS</key>
				<string>YES_AGGRESSIVE</string>
				<key>GCC_WARN_UNUSED_FUNCTION</key>
				<string>YES</string>
				<key>GCC_WARN_UNUSED_VARIABLE</key>
				<string>YES</string>
				<key>IPHONEOS_DEPLOYMENT_TARGET</key>
				<string>9.3</string>
				<key>MTL_ENABLE_DEBUG_INFO</key>
				<string>YES</string>
				<key>ONLY_ACTIVE_ARCH</key>
				<string>YES</string>
				<key>SDKROOT</key>
				<string>iphoneos</string>
				<key>SWIFT_OPTIMIZATION_LEVEL</key>
				<string>-Onone</string>
				<key>TARGETED_DEVICE_FAMILY</key>
				<string>1,2</string>
				<key>VERSIONING_SYSTEM</key>
				<string>apple-generic</string>
				<key>VERSION_INFO_PREFIX</key>
				<string></string>
			</dict>
			<key>isa</key>
			<string>XCBuildConfiguration</string>
			<key>name</key>
			<string>Debug</string>
		</dict>
		<key>07553CE71D1AB00F00C5750E</key>
		<dict>
			<key>buildSettings</key>
			<dict>
				<key>ALWAYS_SEARCH_USER_PATHS</key>
				<string>NO</string>
				<key>CLANG_ANALYZER_NONNULL</key>
				<string>YES</string>
				<key>CLANG_CXX_LANGUAGE_STANDARD</key>
				<string>gnu++0x</string>
				<key>CLANG_CXX_LIBRARY</key>
				<string>libc++</string>
				<key>CLANG_ENABLE_MODULES</key>
				<string>YES</string>
				<key>CLANG_ENABLE_OBJC_ARC</key>
				<string>YES</string>
				<key>CLANG_WARN_BOOL_CONVERSION</key>
				<string>YES</string>
				<key>CLANG_WARN_CONSTANT_CONVERSION</key>
				<string>YES</string>
				<key>CLANG_WARN_DIRECT_OBJC_ISA_USAGE</key>
				<string>YES_ERROR</string>
				<key>CLANG_WARN_EMPTY_BODY</key>
				<string>YES</string>
				<key>CLANG_WARN_ENUM_CONVERSION</key>
				<string>YES</string>
				<key>CLANG_WARN_INT_CONVERSION</key>
				<string>YES</string>
				<key>CLANG_WARN_OBJC_ROOT_CLASS</key>
				<string>YES_ERROR</string>
				<key>CLANG_WARN_UNREACHABLE_CODE</key>
				<string>YES</string>
				<key>CLANG_WARN__DUPLICATE_METHOD_MATCH</key>
				<string>YES</string>
				<key>CODE_SIGN_IDENTITY[sdk=iphoneos*]</key>
				<string>iPhone Developer</string>
				<key>COPY_PHASE_STRIP</key>
				<string>NO</string>
				<key>CURRENT_PROJECT_VERSION</key>
				<string>1</string>
				<key>DEBUG_INFORMATION_FORMAT</key>
				<string>dwarf-with-dsym</string>
				<key>ENABLE_NS_ASSERTIONS</key>
				<string>NO</string>
				<key>ENABLE_STRICT_OBJC_MSGSEND</key>
				<string>YES</string>
				<key>GCC_C_LANGUAGE_STANDARD</key>
				<string>gnu99</string>
				<key>GCC_NO_COMMON_BLOCKS</key>
				<string>YES</string>
				<key>GCC_WARN_64_TO_32_BIT_CONVERSION</key>
				<string>YES</string>
				<key>GCC_WARN_ABOUT_RETURN_TYPE</key>
				<string>YES_ERROR</string>
				<key>GCC_WARN_UNDECLARED_SELECTOR</key>
				<string>YES</string>
				<key>GCC_WARN_UNINITIALIZED_AUTOS</key>
				<string>YES_AGGRESSIVE</string>
				<key>GCC_WARN_UNUSED_FUNCTION</key>
				<string>YES</string>
				<key>GCC_WARN_UNUSED_VARIABLE</key>
				<string>YES</string>
				<key>IPHONEOS_DEPLOYMENT_TARGET</key>
				<string>9.3</string>
				<key>MTL_ENABLE_DEBUG_INFO</key>
				<string>NO</string>
				<key>SDKROOT</key>
				<string>iphoneos</string>
				<key>TARGETED_DEVICE_FAMILY</key>
				<string>1,2</string>
				<key>VALIDATE_PRODUCT</key>
				<string>YES</string>
				<key>VERSIONING_SYSTEM</key>
				<string>apple-generic</string>
				<key>VERSION_INFO_PREFIX</key>
				<string></string>
			</dict>
			<key>isa</key>
			<string>XCBuildConfiguration</string>
			<key>name</key>
			<string>Release</string>
		</dict>
		<key>07553CE81D1AB00F00C5750E</key>
		<dict>
			<key>buildConfigurations</key>
			<array>
				<string>07553CE91D1AB00F00C5750E</string>
				<string>07553CEA1D1AB00F00C5750E</string>
			</array>
			<key>defaultConfigurationIsVisible</key>
			<string>0</string>
			<key>isa</key>
			<string>XCConfigurationList</string>
		</dict>
		<key>07553CE91D1AB00F00C5750E</key>
		<dict>
			<key>baseConfigurationReference</key>
			<string>56A9A82D0F5748A74ED42D31</string>
			<key>buildSettings</key>
			<dict>
				<key>DEFINES_MODULE</key>
				<string>YES</string>
				<key>DYLIB_COMPATIBILITY_VERSION</key>
				<string>1</string>
				<key>DYLIB_CURRENT_VERSION</key>
				<string>1</string>
				<key>DYLIB_INSTALL_NAME_BASE</key>
				<string>@rpath</string>
				<key>INFOPLIST_FILE</key>
				<string>ContactManger/Info.plist</string>
				<key>INSTALL_PATH</key>
				<string>$(LOCAL_LIBRARY_DIR)/Frameworks</string>
				<key>LD_RUNPATH_SEARCH_PATHS</key>
				<string>$(inherited) @executable_path/Frameworks @loader_path/Frameworks</string>
				<key>PRODUCT_BUNDLE_IDENTIFIER</key>
				<string>Omar-Al-tawashi.ContactManger</string>
				<key>PRODUCT_NAME</key>
				<string>$(TARGET_NAME)</string>
				<key>SKIP_INSTALL</key>
				<string>YES</string>
			</dict>
			<key>isa</key>
			<string>XCBuildConfiguration</string>
			<key>name</key>
			<string>Debug</string>
		</dict>
		<key>07553CEA1D1AB00F00C5750E</key>
		<dict>
			<key>baseConfigurationReference</key>
			<string>2C74AD6341DBCFB040645E37</string>
			<key>buildSettings</key>
			<dict>
				<key>DEFINES_MODULE</key>
				<string>YES</string>
				<key>DYLIB_COMPATIBILITY_VERSION</key>
				<string>1</string>
				<key>DYLIB_CURRENT_VERSION</key>
				<string>1</string>
				<key>DYLIB_INSTALL_NAME_BASE</key>
				<string>@rpath</string>
				<key>INFOPLIST_FILE</key>
				<string>ContactManger/Info.plist</string>
				<key>INSTALL_PATH</key>
				<string>$(LOCAL_LIBRARY_DIR)/Frameworks</string>
				<key>LD_RUNPATH_SEARCH_PATHS</key>
				<string>$(inherited) @executable_path/Frameworks @loader_path/Frameworks</string>
				<key>PRODUCT_BUNDLE_IDENTIFIER</key>
				<string>Omar-Al-tawashi.ContactManger</string>
				<key>PRODUCT_NAME</key>
				<string>$(TARGET_NAME)</string>
				<key>SKIP_INSTALL</key>
				<string>YES</string>
			</dict>
			<key>isa</key>
			<string>XCBuildConfiguration</string>
			<key>name</key>
			<string>Release</string>
		</dict>
		<key>07553CEB1D1AB00F00C5750E</key>
		<dict>
			<key>buildConfigurations</key>
			<array>
				<string>07553CEC1D1AB00F00C5750E</string>
				<string>07553CED1D1AB00F00C5750E</string>
			</array>
			<key>defaultConfigurationIsVisible</key>
			<string>0</string>
			<key>isa</key>
			<string>XCConfigurationList</string>
		</dict>
		<key>07553CEC1D1AB00F00C5750E</key>
		<dict>
			<key>buildSettings</key>
			<dict>
				<key>INFOPLIST_FILE</key>
				<string>ContactMangerTests/Info.plist</string>
				<key>LD_RUNPATH_SEARCH_PATHS</key>
				<string>$(inherited) @executable_path/Frameworks @loader_path/Frameworks</string>
				<key>PRODUCT_BUNDLE_IDENTIFIER</key>
				<string>Omar-Al-tawashi.ContactMangerTests</string>
				<key>PRODUCT_NAME</key>
				<string>$(TARGET_NAME)</string>
			</dict>
			<key>isa</key>
			<string>XCBuildConfiguration</string>
			<key>name</key>
			<string>Debug</string>
		</dict>
		<key>07553CED1D1AB00F00C5750E</key>
		<dict>
			<key>buildSettings</key>
			<dict>
				<key>INFOPLIST_FILE</key>
				<string>ContactMangerTests/Info.plist</string>
				<key>LD_RUNPATH_SEARCH_PATHS</key>
				<string>$(inherited) @executable_path/Frameworks @loader_path/Frameworks</string>
				<key>PRODUCT_BUNDLE_IDENTIFIER</key>
				<string>Omar-Al-tawashi.ContactMangerTests</string>
				<key>PRODUCT_NAME</key>
				<string>$(TARGET_NAME)</string>
			</dict>
			<key>isa</key>
			<string>XCBuildConfiguration</string>
			<key>name</key>
			<string>Release</string>
		</dict>
		<key>07553CEE1D1AB02A00C5750E</key>
		<dict>
			<key>children</key>
			<array>
				<string>07553CEF1D1AB04300C5750E</string>
				<string>07553CF01D1AB04300C5750E</string>
			</array>
			<key>isa</key>
			<string>PBXGroup</string>
			<key>name</key>
			<string>Storyborad</string>
			<key>sourceTree</key>
			<string>&lt;group&gt;</string>
		</dict>
		<key>07553CEF1D1AB04300C5750E</key>
		<dict>
			<key>fileEncoding</key>
			<string>4</string>
			<key>isa</key>
			<string>PBXFileReference</string>
			<key>lastKnownFileType</key>
			<string>sourcecode.swift</string>
			<key>path</key>
			<string>UIViewController+Alerts.swift</string>
			<key>sourceTree</key>
			<string>&lt;group&gt;</string>
		</dict>
		<key>07553CF01D1AB04300C5750E</key>
		<dict>
			<key>fileEncoding</key>
			<string>4</string>
			<key>isa</key>
			<string>PBXFileReference</string>
			<key>lastKnownFileType</key>
			<string>file.storyboard</string>
			<key>path</key>
			<string>Main.storyboard</string>
			<key>sourceTree</key>
			<string>&lt;group&gt;</string>
		</dict>
		<key>07553CF11D1AB04300C5750E</key>
		<dict>
			<key>fileRef</key>
			<string>07553CEF1D1AB04300C5750E</string>
			<key>isa</key>
			<string>PBXBuildFile</string>
		</dict>
		<key>07553CF21D1AB04300C5750E</key>
		<dict>
			<key>fileRef</key>
			<string>07553CF01D1AB04300C5750E</string>
			<key>isa</key>
			<string>PBXBuildFile</string>
		</dict>
		<key>07553CF31D1AB04C00C5750E</key>
		<dict>
			<key>children</key>
			<array>
				<string>07553CF41D1AB05600C5750E</string>
				<string>07553CF51D1AB05600C5750E</string>
				<string>07553CF61D1AB05600C5750E</string>
				<string>07553CF71D1AB05600C5750E</string>
				<string>07553CF81D1AB05600C5750E</string>
				<string>07553CF91D1AB05600C5750E</string>
				<string>07553CFA1D1AB05600C5750E</string>
			</array>
			<key>isa</key>
			<string>PBXGroup</string>
			<key>name</key>
			<string>Model</string>
			<key>sourceTree</key>
			<string>&lt;group&gt;</string>
		</dict>
		<key>07553CF41D1AB05600C5750E</key>
		<dict>
			<key>fileEncoding</key>
			<string>4</string>
			<key>isa</key>
			<string>PBXFileReference</string>
			<key>lastKnownFileType</key>
			<string>sourcecode.swift</string>
			<key>path</key>
			<string>ContactsThingy.swift</string>
			<key>sourceTree</key>
			<string>&lt;group&gt;</string>
		</dict>
		<key>07553CF51D1AB05600C5750E</key>
		<dict>
			<key>fileEncoding</key>
			<string>4</string>
			<key>isa</key>
			<string>PBXFileReference</string>
			<key>lastKnownFileType</key>
			<string>sourcecode.swift</string>
			<key>path</key>
			<string>String+Email.swift</string>
			<key>sourceTree</key>
			<string>&lt;group&gt;</string>
		</dict>
		<key>07553CF61D1AB05600C5750E</key>
		<dict>
			<key>fileEncoding</key>
			<string>4</string>
			<key>isa</key>
			<string>PBXFileReference</string>
			<key>lastKnownFileType</key>
			<string>sourcecode.swift</string>
			<key>path</key>
			<string>ContactEntry.swift</string>
			<key>sourceTree</key>
			<string>&lt;group&gt;</string>
		</dict>
		<key>07553CF71D1AB05600C5750E</key>
		<dict>
			<key>fileEncoding</key>
			<string>4</string>
			<key>isa</key>
			<string>PBXFileReference</string>
			<key>lastKnownFileType</key>
			<string>sourcecode.swift</string>
			<key>path</key>
			<string>Contacts.swift</string>
			<key>sourceTree</key>
			<string>&lt;group&gt;</string>
		</dict>
		<key>07553CF81D1AB05600C5750E</key>
		<dict>
			<key>fileEncoding</key>
			<string>4</string>
			<key>isa</key>
			<string>PBXFileReference</string>
			<key>lastKnownFileType</key>
			<string>sourcecode.swift</string>
			<key>path</key>
			<string>PhoneNumbers.swift</string>
			<key>sourceTree</key>
			<string>&lt;group&gt;</string>
		</dict>
		<key>07553CF91D1AB05600C5750E</key>
		<dict>
			<key>isa</key>
			<string>PBXFileReference</string>
			<key>lastKnownFileType</key>
			<string>wrapper.xcdatamodel</string>
			<key>path</key>
			<string>Model.xcdatamodel</string>
			<key>sourceTree</key>
			<string>&lt;group&gt;</string>
		</dict>
		<key>07553CFA1D1AB05600C5750E</key>
		<dict>
			<key>fileEncoding</key>
			<string>4</string>
			<key>isa</key>
			<string>PBXFileReference</string>
			<key>lastKnownFileType</key>
			<string>sourcecode.swift</string>
			<key>path</key>
			<string>EmailAddresses.swift</string>
			<key>sourceTree</key>
			<string>&lt;group&gt;</string>
		</dict>
		<key>07553CFB1D1AB05600C5750E</key>
		<dict>
			<key>fileRef</key>
			<string>07553CF41D1AB05600C5750E</string>
			<key>isa</key>
			<string>PBXBuildFile</string>
		</dict>
		<key>07553CFC1D1AB05600C5750E</key>
		<dict>
			<key>fileRef</key>
			<string>07553CF51D1AB05600C5750E</string>
			<key>isa</key>
			<string>PBXBuildFile</string>
		</dict>
		<key>07553CFD1D1AB05600C5750E</key>
		<dict>
			<key>fileRef</key>
			<string>07553CF61D1AB05600C5750E</string>
			<key>isa</key>
			<string>PBXBuildFile</string>
		</dict>
		<key>07553CFE1D1AB05600C5750E</key>
		<dict>
			<key>fileRef</key>
			<string>07553CF71D1AB05600C5750E</string>
			<key>isa</key>
			<string>PBXBuildFile</string>
		</dict>
		<key>07553CFF1D1AB05600C5750E</key>
		<dict>
			<key>fileRef</key>
			<string>07553CF81D1AB05600C5750E</string>
			<key>isa</key>
			<string>PBXBuildFile</string>
		</dict>
		<key>07553D001D1AB05600C5750E</key>
		<dict>
			<key>fileRef</key>
			<string>07553CF91D1AB05600C5750E</string>
			<key>isa</key>
			<string>PBXBuildFile</string>
		</dict>
		<key>07553D011D1AB05600C5750E</key>
		<dict>
			<key>fileRef</key>
			<string>07553CFA1D1AB05600C5750E</string>
			<key>isa</key>
			<string>PBXBuildFile</string>
		</dict>
		<key>07553D021D1AB06100C5750E</key>
		<dict>
			<key>children</key>
			<array>
				<string>07553D031D1AB06F00C5750E</string>
				<string>07553D041D1AB06F00C5750E</string>
				<string>07553D051D1AB06F00C5750E</string>
				<string>07553D061D1AB06F00C5750E</string>
				<string>07553D071D1AB06F00C5750E</string>
				<string>07553D081D1AB06F00C5750E</string>
				<string>07553D091D1AB06F00C5750E</string>
				<string>07553D0A1D1AB06F00C5750E</string>
				<string>07553D0B1D1AB06F00C5750E</string>
				<string>07553D0C1D1AB06F00C5750E</string>
				<string>07553D0D1D1AB06F00C5750E</string>
			</array>
			<key>isa</key>
			<string>PBXGroup</string>
			<key>name</key>
			<string>ViewControllers</string>
			<key>sourceTree</key>
			<string>&lt;group&gt;</string>
		</dict>
		<key>07553D031D1AB06F00C5750E</key>
		<dict>
			<key>fileEncoding</key>
			<string>4</string>
			<key>isa</key>
			<string>PBXFileReference</string>
			<key>lastKnownFileType</key>
			<string>sourcecode.swift</string>
			<key>path</key>
			<string>ViewController.swift</string>
			<key>sourceTree</key>
			<string>&lt;group&gt;</string>
		</dict>
		<key>07553D041D1AB06F00C5750E</key>
		<dict>
			<key>fileEncoding</key>
			<string>4</string>
			<key>isa</key>
			<string>PBXFileReference</string>
			<key>lastKnownFileType</key>
			<string>sourcecode.swift</string>
			<key>path</key>
			<string>AddressBookViewController.swift</string>
			<key>sourceTree</key>
			<string>&lt;group&gt;</string>
		</dict>
		<key>07553D051D1AB06F00C5750E</key>
		<dict>
			<key>fileEncoding</key>
			<string>4</string>
			<key>isa</key>
			<string>PBXFileReference</string>
			<key>lastKnownFileType</key>
			<string>sourcecode.swift</string>
			<key>path</key>
			<string>ContactsViewController.swift</string>
			<key>sourceTree</key>
			<string>&lt;group&gt;</string>
		</dict>
		<key>07553D061D1AB06F00C5750E</key>
		<dict>
			<key>fileEncoding</key>
			<string>4</string>
			<key>isa</key>
			<string>PBXFileReference</string>
			<key>lastKnownFileType</key>
			<string>sourcecode.swift</string>
			<key>path</key>
			<string>CreateContactViewController.swift</string>
			<key>sourceTree</key>
			<string>&lt;group&gt;</string>
		</dict>
		<key>07553D071D1AB06F00C5750E</key>
		<dict>
			<key>fileEncoding</key>
			<string>4</string>
			<key>isa</key>
			<string>PBXFileReference</string>
			<key>lastKnownFileType</key>
			<string>sourcecode.swift</string>
			<key>path</key>
			<string>PhoneNumber.swift</string>
			<key>sourceTree</key>
			<string>&lt;group&gt;</string>
		</dict>
		<key>07553D081D1AB06F00C5750E</key>
		<dict>
			<key>fileEncoding</key>
			<string>4</string>
			<key>isa</key>
			<string>PBXFileReference</string>
			<key>lastKnownFileType</key>
			<string>sourcecode.swift</string>
			<key>path</key>
			<string>SerachViewController.swift</string>
			<key>sourceTree</key>
			<string>&lt;group&gt;</string>
		</dict>
		<key>07553D091D1AB06F00C5750E</key>
		<dict>
			<key>fileEncoding</key>
			<string>4</string>
			<key>isa</key>
			<string>PBXFileReference</string>
			<key>lastKnownFileType</key>
			<string>sourcecode.swift</string>
			<key>path</key>
			<string>ContactTableViewCell.swift</string>
			<key>sourceTree</key>
			<string>&lt;group&gt;</string>
		</dict>
		<key>07553D0A1D1AB06F00C5750E</key>
		<dict>
			<key>fileEncoding</key>
			<string>4</string>
			<key>isa</key>
			<string>PBXFileReference</string>
			<key>lastKnownFileType</key>
			<string>file.xib</string>
			<key>path</key>
			<string>ContactTableViewCell.xib</string>
			<key>sourceTree</key>
			<string>&lt;group&gt;</string>
		</dict>
		<key>07553D0B1D1AB06F00C5750E</key>
		<dict>
			<key>fileEncoding</key>
			<string>4</string>
			<key>isa</key>
			<string>PBXFileReference</string>
			<key>lastKnownFileType</key>
			<string>sourcecode.swift</string>
			<key>path</key>
			<string>SearchResultCell.swift</string>
			<key>sourceTree</key>
			<string>&lt;group&gt;</string>
		</dict>
		<key>07553D0C1D1AB06F00C5750E</key>
		<dict>
			<key>fileEncoding</key>
			<string>4</string>
			<key>isa</key>
			<string>PBXFileReference</string>
			<key>lastKnownFileType</key>
			<string>file.xib</string>
			<key>path</key>
			<string>SearchResultCell.xib</string>
			<key>sourceTree</key>
			<string>&lt;group&gt;</string>
		</dict>
		<key>07553D0D1D1AB06F00C5750E</key>
		<dict>
			<key>fileEncoding</key>
			<string>4</string>
			<key>isa</key>
			<string>PBXFileReference</string>
			<key>lastKnownFileType</key>
			<string>sourcecode.swift</string>
			<key>path</key>
			<string>UpdateContactViewController.swift</string>
			<key>sourceTree</key>
			<string>&lt;group&gt;</string>
		</dict>
		<key>07553D0E1D1AB06F00C5750E</key>
		<dict>
			<key>fileRef</key>
			<string>07553D031D1AB06F00C5750E</string>
			<key>isa</key>
			<string>PBXBuildFile</string>
		</dict>
		<key>07553D0F1D1AB06F00C5750E</key>
		<dict>
			<key>fileRef</key>
			<string>07553D041D1AB06F00C5750E</string>
			<key>isa</key>
			<string>PBXBuildFile</string>
		</dict>
		<key>07553D101D1AB06F00C5750E</key>
		<dict>
			<key>fileRef</key>
			<string>07553D051D1AB06F00C5750E</string>
			<key>isa</key>
			<string>PBXBuildFile</string>
		</dict>
		<key>07553D111D1AB06F00C5750E</key>
		<dict>
			<key>fileRef</key>
			<string>07553D061D1AB06F00C5750E</string>
			<key>isa</key>
			<string>PBXBuildFile</string>
		</dict>
		<key>07553D121D1AB06F00C5750E</key>
		<dict>
			<key>fileRef</key>
			<string>07553D071D1AB06F00C5750E</string>
			<key>isa</key>
			<string>PBXBuildFile</string>
		</dict>
		<key>07553D131D1AB06F00C5750E</key>
		<dict>
			<key>fileRef</key>
			<string>07553D081D1AB06F00C5750E</string>
			<key>isa</key>
			<string>PBXBuildFile</string>
		</dict>
		<key>07553D141D1AB06F00C5750E</key>
		<dict>
			<key>fileRef</key>
			<string>07553D091D1AB06F00C5750E</string>
			<key>isa</key>
			<string>PBXBuildFile</string>
		</dict>
		<key>07553D151D1AB06F00C5750E</key>
		<dict>
			<key>fileRef</key>
			<string>07553D0A1D1AB06F00C5750E</string>
			<key>isa</key>
			<string>PBXBuildFile</string>
		</dict>
		<key>07553D161D1AB06F00C5750E</key>
		<dict>
			<key>fileRef</key>
			<string>07553D0B1D1AB06F00C5750E</string>
			<key>isa</key>
			<string>PBXBuildFile</string>
		</dict>
		<key>07553D171D1AB06F00C5750E</key>
		<dict>
			<key>fileRef</key>
			<string>07553D0C1D1AB06F00C5750E</string>
			<key>isa</key>
			<string>PBXBuildFile</string>
		</dict>
		<key>07553D181D1AB06F00C5750E</key>
		<dict>
			<key>fileRef</key>
			<string>07553D0D1D1AB06F00C5750E</string>
			<key>isa</key>
			<string>PBXBuildFile</string>
		</dict>
		<key>07553D191D1AB07900C5750E</key>
		<dict>
			<key>children</key>
			<array>
				<string>07553D1A1D1AB08500C5750E</string>
				<string>07553D1B1D1AB08500C5750E</string>
				<string>07553D1C1D1AB08500C5750E</string>
				<string>07553D1D1D1AB08500C5750E</string>
				<string>07553D1E1D1AB08500C5750E</string>
				<string>07553D1F1D1AB08500C5750E</string>
				<string>07553D201D1AB08500C5750E</string>
				<string>07553D211D1AB08500C5750E</string>
			</array>
			<key>isa</key>
			<string>PBXGroup</string>
			<key>name</key>
			<string>Sync</string>
			<key>sourceTree</key>
			<string>&lt;group&gt;</string>
		</dict>
		<key>07553D1A1D1AB08500C5750E</key>
		<dict>
			<key>fileEncoding</key>
			<string>4</string>
			<key>isa</key>
			<string>PBXFileReference</string>
			<key>lastKnownFileType</key>
			<string>sourcecode.swift</string>
			<key>path</key>
			<string>TestCheck.swift</string>
			<key>sourceTree</key>
			<string>&lt;group&gt;</string>
		</dict>
		<key>07553D1B1D1AB08500C5750E</key>
		<dict>
			<key>fileEncoding</key>
			<string>4</string>
			<key>isa</key>
			<string>PBXFileReference</string>
			<key>lastKnownFileType</key>
			<string>sourcecode.swift</string>
			<key>path</key>
			<string>DATAStack.swift</string>
			<key>sourceTree</key>
			<string>&lt;group&gt;</string>
		</dict>
		<key>07553D1C1D1AB08500C5750E</key>
		<dict>
			<key>fileEncoding</key>
			<string>4</string>
			<key>isa</key>
			<string>PBXFileReference</string>
			<key>lastKnownFileType</key>
			<string>sourcecode.swift</string>
			<key>path</key>
			<string>NSEntityDescription+Sync.swift</string>
			<key>sourceTree</key>
			<string>&lt;group&gt;</string>
		</dict>
		<key>07553D1D1D1AB08500C5750E</key>
		<dict>
			<key>fileEncoding</key>
			<string>4</string>
			<key>isa</key>
			<string>PBXFileReference</string>
			<key>lastKnownFileType</key>
			<string>sourcecode.swift</string>
			<key>path</key>
			<string>NSManagedObjectContext+Sync.swift</string>
			<key>sourceTree</key>
			<string>&lt;group&gt;</string>
		</dict>
		<key>07553D1E1D1AB08500C5750E</key>
		<dict>
			<key>fileEncoding</key>
			<string>4</string>
			<key>isa</key>
			<string>PBXFileReference</string>
			<key>lastKnownFileType</key>
			<string>sourcecode.swift</string>
			<key>path</key>
			<string>locking.swift</string>
			<key>sourceTree</key>
			<string>&lt;group&gt;</string>
		</dict>
		<key>07553D1F1D1AB08500C5750E</key>
		<dict>
			<key>fileEncoding</key>
			<string>4</string>
			<key>isa</key>
			<string>PBXFileReference</string>
			<key>lastKnownFileType</key>
			<string>sourcecode.swift</string>
			<key>path</key>
			<string>NSManagedObject+Sync.swift</string>
			<key>sourceTree</key>
			<string>&lt;group&gt;</string>
		</dict>
		<key>07553D201D1AB08500C5750E</key>
		<dict>
			<key>fileEncoding</key>
			<string>4</string>
			<key>isa</key>
			<string>PBXFileReference</string>
			<key>lastKnownFileType</key>
			<string>sourcecode.swift</string>
			<key>path</key>
			<string>Sync.swift</string>
			<key>sourceTree</key>
			<string>&lt;group&gt;</string>
		</dict>
		<key>07553D211D1AB08500C5750E</key>
		<dict>
			<key>fileEncoding</key>
			<string>4</string>
			<key>isa</key>
			<string>PBXFileReference</string>
			<key>lastKnownFileType</key>
			<string>sourcecode.swift</string>
			<key>path</key>
			<string>NSArray+Sync.swift</string>
			<key>sourceTree</key>
			<string>&lt;group&gt;</string>
		</dict>
		<key>07553D221D1AB08500C5750E</key>
		<dict>
			<key>fileRef</key>
			<string>07553D1A1D1AB08500C5750E</string>
			<key>isa</key>
			<string>PBXBuildFile</string>
		</dict>
		<key>07553D231D1AB08500C5750E</key>
		<dict>
			<key>fileRef</key>
			<string>07553D1B1D1AB08500C5750E</string>
			<key>isa</key>
			<string>PBXBuildFile</string>
		</dict>
		<key>07553D241D1AB08500C5750E</key>
		<dict>
			<key>fileRef</key>
			<string>07553D1C1D1AB08500C5750E</string>
			<key>isa</key>
			<string>PBXBuildFile</string>
		</dict>
		<key>07553D251D1AB08500C5750E</key>
		<dict>
			<key>fileRef</key>
			<string>07553D1D1D1AB08500C5750E</string>
			<key>isa</key>
			<string>PBXBuildFile</string>
		</dict>
		<key>07553D261D1AB08500C5750E</key>
		<dict>
			<key>fileRef</key>
			<string>07553D1E1D1AB08500C5750E</string>
			<key>isa</key>
			<string>PBXBuildFile</string>
		</dict>
		<key>07553D271D1AB08500C5750E</key>
		<dict>
			<key>fileRef</key>
			<string>07553D1F1D1AB08500C5750E</string>
			<key>isa</key>
			<string>PBXBuildFile</string>
		</dict>
		<key>07553D281D1AB08500C5750E</key>
		<dict>
			<key>fileRef</key>
			<string>07553D201D1AB08500C5750E</string>
			<key>isa</key>
			<string>PBXBuildFile</string>
		</dict>
		<key>07553D291D1AB08500C5750E</key>
		<dict>
			<key>fileRef</key>
			<string>07553D211D1AB08500C5750E</string>
			<key>isa</key>
			<string>PBXBuildFile</string>
		</dict>
		<key>07553D2A1D1AB0C700C5750E</key>
		<dict>
			<key>children</key>
			<array>
				<string>07553D2B1D1AB0DE00C5750E</string>
			</array>
			<key>isa</key>
			<string>PBXGroup</string>
			<key>name</key>
			<string>Resources</string>
			<key>sourceTree</key>
			<string>&lt;group&gt;</string>
		</dict>
		<key>07553D2B1D1AB0DE00C5750E</key>
		<dict>
			<key>isa</key>
			<string>PBXFileReference</string>
			<key>lastKnownFileType</key>
			<string>folder.assetcatalog</string>
			<key>path</key>
			<string>Assets.xcassets</string>
			<key>sourceTree</key>
			<string>&lt;group&gt;</string>
		</dict>
		<key>07553D2C1D1AB0DE00C5750E</key>
		<dict>
			<key>fileRef</key>
			<string>07553D2B1D1AB0DE00C5750E</string>
			<key>isa</key>
			<string>PBXBuildFile</string>
		</dict>
		<key>2C74AD6341DBCFB040645E37</key>
		<dict>
			<key>includeInIndex</key>
			<string>1</string>
			<key>isa</key>
			<string>PBXFileReference</string>
			<key>lastKnownFileType</key>
			<string>text.xcconfig</string>
			<key>name</key>
			<string>Pods-ContactManger.release.xcconfig</string>
			<key>path</key>
			<string>Pods/Target Support Files/Pods-ContactManger/Pods-ContactManger.release.xcconfig</string>
			<key>sourceTree</key>
			<string>&lt;group&gt;</string>
		</dict>
		<key>56A9A82D0F5748A74ED42D31</key>
		<dict>
			<key>includeInIndex</key>
			<string>1</string>
			<key>isa</key>
			<string>PBXFileReference</string>
			<key>lastKnownFileType</key>
			<string>text.xcconfig</string>
			<key>name</key>
			<string>Pods-ContactManger.debug.xcconfig</string>
			<key>path</key>
			<string>Pods/Target Support Files/Pods-ContactManger/Pods-ContactManger.debug.xcconfig</string>
			<key>sourceTree</key>
			<string>&lt;group&gt;</string>
		</dict>
		<key>69242E08E7D61E72FA1FF07B</key>
		<dict>
			<key>fileRef</key>
			<string>848EE759FAF3D2929A4CFEA8</string>
			<key>isa</key>
			<string>PBXBuildFile</string>
		</dict>
		<key>76F7F0983AD58A9759AF0861</key>
		<dict>
			<key>buildActionMask</key>
			<string>2147483647</string>
			<key>files</key>
			<array/>
			<key>inputPaths</key>
			<array/>
			<key>isa</key>
			<string>PBXShellScriptBuildPhase</string>
			<key>name</key>
			<string>Check Pods Manifest.lock</string>
			<key>outputPaths</key>
			<array/>
			<key>runOnlyForDeploymentPostprocessing</key>
			<string>0</string>
			<key>shellPath</key>
			<string>/bin/sh</string>
			<key>shellScript</key>
			<string>diff "${PODS_ROOT}/../Podfile.lock" "${PODS_ROOT}/Manifest.lock" &gt; /dev/null
if [[ $? != 0 ]] ; then
    cat &lt;&lt; EOM
error: The sandbox is not in sync with the Podfile.lock. Run 'pod install' or update your CocoaPods installation.
EOM
    exit 1
fi
</string>
			<key>showEnvVarsInLog</key>
			<string>0</string>
		</dict>
		<key>7E0D124CE54DC5711761FD28</key>
		<dict>
			<key>buildActionMask</key>
			<string>2147483647</string>
			<key>files</key>
			<array/>
			<key>inputPaths</key>
			<array/>
			<key>isa</key>
			<string>PBXShellScriptBuildPhase</string>
			<key>name</key>
			<string>Copy Pods Resources</string>
			<key>outputPaths</key>
			<array/>
			<key>runOnlyForDeploymentPostprocessing</key>
			<string>0</string>
			<key>shellPath</key>
			<string>/bin/sh</string>
			<key>shellScript</key>
			<string>"${SRCROOT}/Pods/Target Support Files/Pods-ContactManger/Pods-ContactManger-resources.sh"
</string>
			<key>showEnvVarsInLog</key>
			<string>0</string>
		</dict>
		<key>848EE759FAF3D2929A4CFEA8</key>
		<dict>
			<key>explicitFileType</key>
			<string>wrapper.framework</string>
			<key>includeInIndex</key>
			<string>0</string>
			<key>isa</key>
			<string>PBXFileReference</string>
			<key>path</key>
			<string>Pods_ContactManger.framework</string>
			<key>sourceTree</key>
			<string>BUILT_PRODUCTS_DIR</string>
		</dict>
		<key>8B0FDB78114DA757DB687C30</key>
		<dict>
			<key>children</key>
			<array>
				<string>56A9A82D0F5748A74ED42D31</string>
				<string>2C74AD6341DBCFB040645E37</string>
			</array>
			<key>isa</key>
			<string>PBXGroup</string>
			<key>name</key>
			<string>Pods</string>
			<key>sourceTree</key>
			<string>&lt;group&gt;</string>
		</dict>
		<key>B738FBB5C9A23A32E5D09A65</key>
		<dict>
			<key>children</key>
			<array>
				<string>848EE759FAF3D2929A4CFEA8</string>
			</array>
			<key>isa</key>
			<string>PBXGroup</string>
			<key>name</key>
			<string>Frameworks</string>
			<key>sourceTree</key>
			<string>&lt;group&gt;</string>
		</dict>
	</dict>
	<key>rootObject</key>
	<string>07553CCB1D1AB00F00C5750E</string>
</dict>
</plist>
